// !$*UTF8*$!
{
	archiveVersion = 1;
	classes = {
	};
	objectVersion = 51;
	objects = {

/* Begin PBXBuildFile section */
		8FDC42B7233101C80081B7F1 /* AppDelegate.swift in Sources */ = {isa = PBXBuildFile; fileRef = 8FDC42B6233101C80081B7F1 /* AppDelegate.swift */; };
		8FDC42BC233101C80081B7F1 /* Main.storyboard in Resources */ = {isa = PBXBuildFile; fileRef = 8FDC42BA233101C80081B7F1 /* Main.storyboard */; };
		8FDC42BF233101C80081B7F1 /* cp8_20.xcdatamodeld in Sources */ = {isa = PBXBuildFile; fileRef = 8FDC42BD233101C80081B7F1 /* cp8_20.xcdatamodeld */; };
		8FDC42C1233101C90081B7F1 /* Assets.xcassets in Resources */ = {isa = PBXBuildFile; fileRef = 8FDC42C0233101C90081B7F1 /* Assets.xcassets */; };
		8FDC42C4233101C90081B7F1 /* LaunchScreen.storyboard in Resources */ = {isa = PBXBuildFile; fileRef = 8FDC42C2233101C90081B7F1 /* LaunchScreen.storyboard */; };
		8FDC42CD233102700081B7F1 /* TopViewController.swift in Sources */ = {isa = PBXBuildFile; fileRef = 8FDC42CB233102700081B7F1 /* TopViewController.swift */; };
		8FDC42CE233102700081B7F1 /* TopViewController.xib in Resources */ = {isa = PBXBuildFile; fileRef = 8FDC42CC233102700081B7F1 /* TopViewController.xib */; };
		8FDC42D1233102CB0081B7F1 /* TopMainView.swift in Sources */ = {isa = PBXBuildFile; fileRef = 8FDC42CF233102CB0081B7F1 /* TopMainView.swift */; };
		8FDC42D2233102CB0081B7F1 /* TopMainView.xib in Resources */ = {isa = PBXBuildFile; fileRef = 8FDC42D0233102CB0081B7F1 /* TopMainView.xib */; };
		AA2190BD98C046A3E571D1F8 /* Pods_cp8_20.framework in Frameworks */ = {isa = PBXBuildFile; fileRef = 3E4D6A270E2277A194D4DB25 /* Pods_cp8_20.framework */; };
/* End PBXBuildFile section */

/* Begin PBXFileReference section */
		03FB20BF3F76537AA0EC960E /* Pods-cp8-20.release.xcconfig */ = {isa = PBXFileReference; includeInIndex = 1; lastKnownFileType = text.xcconfig; name = "Pods-cp8-20.release.xcconfig"; path = "Target Support Files/Pods-cp8-20/Pods-cp8-20.release.xcconfig"; sourceTree = "<group>"; };
		3E4D6A270E2277A194D4DB25 /* Pods_cp8_20.framework */ = {isa = PBXFileReference; explicitFileType = wrapper.framework; includeInIndex = 0; path = Pods_cp8_20.framework; sourceTree = BUILT_PRODUCTS_DIR; };
		594D13A78EAAA1FF35CDF753 /* Pods-cp8-20.debug.xcconfig */ = {isa = PBXFileReference; includeInIndex = 1; lastKnownFileType = text.xcconfig; name = "Pods-cp8-20.debug.xcconfig"; path = "Target Support Files/Pods-cp8-20/Pods-cp8-20.debug.xcconfig"; sourceTree = "<group>"; };
		8FDC42B3233101C80081B7F1 /* cp8-20.app */ = {isa = PBXFileReference; explicitFileType = wrapper.application; includeInIndex = 0; path = "cp8-20.app"; sourceTree = BUILT_PRODUCTS_DIR; };
		8FDC42B6233101C80081B7F1 /* AppDelegate.swift */ = {isa = PBXFileReference; lastKnownFileType = sourcecode.swift; path = AppDelegate.swift; sourceTree = "<group>"; };
		8FDC42BB233101C80081B7F1 /* Base */ = {isa = PBXFileReference; lastKnownFileType = file.storyboard; name = Base; path = Base.lproj/Main.storyboard; sourceTree = "<group>"; };
		8FDC42BE233101C80081B7F1 /* cp8_20.xcdatamodel */ = {isa = PBXFileReference; lastKnownFileType = wrapper.xcdatamodel; path = cp8_20.xcdatamodel; sourceTree = "<group>"; };
		8FDC42C0233101C90081B7F1 /* Assets.xcassets */ = {isa = PBXFileReference; lastKnownFileType = folder.assetcatalog; path = Assets.xcassets; sourceTree = "<group>"; };
		8FDC42C3233101C90081B7F1 /* Base */ = {isa = PBXFileReference; lastKnownFileType = file.storyboard; name = Base; path = Base.lproj/LaunchScreen.storyboard; sourceTree = "<group>"; };
		8FDC42C5233101C90081B7F1 /* Info.plist */ = {isa = PBXFileReference; lastKnownFileType = text.plist.xml; path = Info.plist; sourceTree = "<group>"; };
		8FDC42CB233102700081B7F1 /* TopViewController.swift */ = {isa = PBXFileReference; lastKnownFileType = sourcecode.swift; path = TopViewController.swift; sourceTree = "<group>"; };
		8FDC42CC233102700081B7F1 /* TopViewController.xib */ = {isa = PBXFileReference; lastKnownFileType = file.xib; path = TopViewController.xib; sourceTree = "<group>"; };
		8FDC42CF233102CB0081B7F1 /* TopMainView.swift */ = {isa = PBXFileReference; lastKnownFileType = sourcecode.swift; path = TopMainView.swift; sourceTree = "<group>"; };
		8FDC42D0233102CB0081B7F1 /* TopMainView.xib */ = {isa = PBXFileReference; lastKnownFileType = file.xib; path = TopMainView.xib; sourceTree = "<group>"; };
/* End PBXFileReference section */

/* Begin PBXFrameworksBuildPhase section */
		8FDC42B0233101C80081B7F1 /* Frameworks */ = {
			isa = PBXFrameworksBuildPhase;
			buildActionMask = 2147483647;
			files = (
				AA2190BD98C046A3E571D1F8 /* Pods_cp8_20.framework in Frameworks */,
			);
			runOnlyForDeploymentPostprocessing = 0;
		};
/* End PBXFrameworksBuildPhase section */

/* Begin PBXGroup section */
		200BE6491EECCF96EB0A987B /* Frameworks */ = {
			isa = PBXGroup;
			children = (
				3E4D6A270E2277A194D4DB25 /* Pods_cp8_20.framework */,
			);
			name = Frameworks;
			sourceTree = "<group>";
		};
		8FDC42AA233101C80081B7F1 = {
			isa = PBXGroup;
			children = (
				8FDC42B5233101C80081B7F1 /* cp8-20 */,
				8FDC42B4233101C80081B7F1 /* Products */,
				A47FA81946A63DA69F1CE742 /* Pods */,
				200BE6491EECCF96EB0A987B /* Frameworks */,
			);
			sourceTree = "<group>";
		};
		8FDC42B4233101C80081B7F1 /* Products */ = {
			isa = PBXGroup;
			children = (
				8FDC42B3233101C80081B7F1 /* cp8-20.app */,
			);
			name = Products;
			sourceTree = "<group>";
		};
		8FDC42B5233101C80081B7F1 /* cp8-20 */ = {
			isa = PBXGroup;
			children = (
				8FDC42B6233101C80081B7F1 /* AppDelegate.swift */,
				8FDC42BA233101C80081B7F1 /* Main.storyboard */,
				8FDC42C0233101C90081B7F1 /* Assets.xcassets */,
				8FDC42C2233101C90081B7F1 /* LaunchScreen.storyboard */,
				8FDC42C5233101C90081B7F1 /* Info.plist */,
				8FDC42BD233101C80081B7F1 /* cp8_20.xcdatamodeld */,
				8FDC42CB233102700081B7F1 /* TopViewController.swift */,
				8FDC42CC233102700081B7F1 /* TopViewController.xib */,
				8FDC42CF233102CB0081B7F1 /* TopMainView.swift */,
				8FDC42D0233102CB0081B7F1 /* TopMainView.xib */,
			);
			path = "cp8-20";
			sourceTree = "<group>";
		};
		A47FA81946A63DA69F1CE742 /* Pods */ = {
			isa = PBXGroup;
			children = (
				594D13A78EAAA1FF35CDF753 /* Pods-cp8-20.debug.xcconfig */,
				03FB20BF3F76537AA0EC960E /* Pods-cp8-20.release.xcconfig */,
			);
			path = Pods;
			sourceTree = "<group>";
		};
/* End PBXGroup section */

/* Begin PBXNativeTarget section */
		8FDC42B2233101C80081B7F1 /* cp8-20 */ = {
			isa = PBXNativeTarget;
			buildConfigurationList = 8FDC42C8233101C90081B7F1 /* Build configuration list for PBXNativeTarget "cp8-20" */;
			buildPhases = (
				F8DD3087064D2C281D0D35EC /* [CP] Check Pods Manifest.lock */,
				8FDC42AF233101C80081B7F1 /* Sources */,
				8FDC42B0233101C80081B7F1 /* Frameworks */,
				8FDC42B1233101C80081B7F1 /* Resources */,
				C390853E86C7889FA3429293 /* [CP] Embed Pods Frameworks */,
			);
			buildRules = (
			);
			dependencies = (
			);
			name = "cp8-20";
			productName = "cp8-20";
			productReference = 8FDC42B3233101C80081B7F1 /* cp8-20.app */;
			productType = "com.apple.product-type.application";
		};
/* End PBXNativeTarget section */

/* Begin PBXProject section */
		8FDC42AB233101C80081B7F1 /* Project object */ = {
			isa = PBXProject;
			attributes = {
				LastSwiftUpdateCheck = 1030;
				LastUpgradeCheck = 1030;
				ORGANIZATIONNAME = "典昭酒井";
				TargetAttributes = {
					8FDC42B2233101C80081B7F1 = {
						CreatedOnToolsVersion = 10.3;
					};
				};
			};
			buildConfigurationList = 8FDC42AE233101C80081B7F1 /* Build configuration list for PBXProject "cp8-20" */;
			compatibilityVersion = "Xcode 9.3";
			developmentRegion = en;
			hasScannedForEncodings = 0;
			knownRegions = (
				en,
				Base,
			);
			mainGroup = 8FDC42AA233101C80081B7F1;
			productRefGroup = 8FDC42B4233101C80081B7F1 /* Products */;
			projectDirPath = "";
			projectRoot = "";
			targets = (
				8FDC42B2233101C80081B7F1 /* cp8-20 */,
			);
		};
/* End PBXProject section */

/* Begin PBXResourcesBuildPhase section */
		8FDC42B1233101C80081B7F1 /* Resources */ = {
			isa = PBXResourcesBuildPhase;
			buildActionMask = 2147483647;
			files = (
				8FDC42D2233102CB0081B7F1 /* TopMainView.xib in Resources */,
				8FDC42CE233102700081B7F1 /* TopViewController.xib in Resources */,
				8FDC42C4233101C90081B7F1 /* LaunchScreen.storyboard in Resources */,
				8FDC42C1233101C90081B7F1 /* Assets.xcassets in Resources */,
				8FDC42BC233101C80081B7F1 /* Main.storyboard in Resources */,
			);
			runOnlyForDeploymentPostprocessing = 0;
		};
/* End PBXResourcesBuildPhase section */

/* Begin PBXShellScriptBuildPhase section */
		C390853E86C7889FA3429293 /* [CP] Embed Pods Frameworks */ = {
			isa = PBXShellScriptBuildPhase;
			buildActionMask = 2147483647;
			files = (
			);
			inputFileListPaths = (
				"${PODS_ROOT}/Target Support Files/Pods-cp8-20/Pods-cp8-20-frameworks-${CONFIGURATION}-input-files.xcfilelist",
			);
			name = "[CP] Embed Pods Frameworks";
			outputFileListPaths = (
				"${PODS_ROOT}/Target Support Files/Pods-cp8-20/Pods-cp8-20-frameworks-${CONFIGURATION}-output-files.xcfilelist",
			);
			runOnlyForDeploymentPostprocessing = 0;
			shellPath = /bin/sh;
			shellScript = "\"${PODS_ROOT}/Target Support Files/Pods-cp8-20/Pods-cp8-20-frameworks.sh\"\n";
			showEnvVarsInLog = 0;
		};
		F8DD3087064D2C281D0D35EC /* [CP] Check Pods Manifest.lock */ = {
			isa = PBXShellScriptBuildPhase;
			buildActionMask = 2147483647;
			files = (
			);
			inputFileListPaths = (
			);
			inputPaths = (
				"${PODS_PODFILE_DIR_PATH}/Podfile.lock",
				"${PODS_ROOT}/Manifest.lock",
			);
			name = "[CP] Check Pods Manifest.lock";
			outputFileListPaths = (
			);
			outputPaths = (
				"$(DERIVED_FILE_DIR)/Pods-cp8-20-checkManifestLockResult.txt",
			);
			runOnlyForDeploymentPostprocessing = 0;
			shellPath = /bin/sh;
			shellScript = "diff \"${PODS_PODFILE_DIR_PATH}/Podfile.lock\" \"${PODS_ROOT}/Manifest.lock\" > /dev/null\nif [ $? != 0 ] ; then\n    # print error to STDERR\n    echo \"error: The sandbox is not in sync with the Podfile.lock. Run 'pod install' or update your CocoaPods installation.\" >&2\n    exit 1\nfi\n# This output is used by Xcode 'outputs' to avoid re-running this script phase.\necho \"SUCCESS\" > \"${SCRIPT_OUTPUT_FILE_0}\"\n";
			showEnvVarsInLog = 0;
		};
/* End PBXShellScriptBuildPhase section */

/* Begin PBXSourcesBuildPhase section */
		8FDC42AF233101C80081B7F1 /* Sources */ = {
			isa = PBXSourcesBuildPhase;
			buildActionMask = 2147483647;
			files = (
				8FDC42CD233102700081B7F1 /* TopViewController.swift in Sources */,
				8FDC42B7233101C80081B7F1 /* AppDelegate.swift in Sources */,
				8FDC42BF233101C80081B7F1 /* cp8_20.xcdatamodeld in Sources */,
				8FDC42D1233102CB0081B7F1 /* TopMainView.swift in Sources */,
			);
			runOnlyForDeploymentPostprocessing = 0;
		};
/* End PBXSourcesBuildPhase section */

/* Begin PBXVariantGroup section */
		8FDC42BA233101C80081B7F1 /* Main.storyboard */ = {
			isa = PBXVariantGroup;
			children = (
				8FDC42BB233101C80081B7F1 /* Base */,
			);
			name = Main.storyboard;
			sourceTree = "<group>";
		};
		8FDC42C2233101C90081B7F1 /* LaunchScreen.storyboard */ = {
			isa = PBXVariantGroup;
			children = (
				8FDC42C3233101C90081B7F1 /* Base */,
			);
			name = LaunchScreen.storyboard;
			sourceTree = "<group>";
		};
/* End PBXVariantGroup section */

/* Begin XCBuildConfiguration section */
		8FDC42C6233101C90081B7F1 /* Debug */ = {
			isa = XCBuildConfiguration;
			buildSettings = {
				ALWAYS_SEARCH_USER_PATHS = NO;
				CLANG_ANALYZER_NONNULL = YES;
				CLANG_ANALYZER_NUMBER_OBJECT_CONVERSION = YES_AGGRESSIVE;
				CLANG_CXX_LANGUAGE_STANDARD = "gnu++14";
				CLANG_CXX_LIBRARY = "libc++";
				CLANG_ENABLE_MODULES = YES;
				CLANG_ENABLE_OBJC_ARC = YES;
				CLANG_ENABLE_OBJC_WEAK = YES;
				CLANG_WARN_BLOCK_CAPTURE_AUTORELEASING = YES;
				CLANG_WARN_BOOL_CONVERSION = YES;
				CLANG_WARN_COMMA = YES;
				CLANG_WARN_CONSTANT_CONVERSION = YES;
				CLANG_WARN_DEPRECATED_OBJC_IMPLEMENTATIONS = YES;
				CLANG_WARN_DIRECT_OBJC_ISA_USAGE = YES_ERROR;
				CLANG_WARN_DOCUMENTATION_COMMENTS = YES;
				CLANG_WARN_EMPTY_BODY = YES;
				CLANG_WARN_ENUM_CONVERSION = YES;
				CLANG_WARN_INFINITE_RECURSION = YES;
				CLANG_WARN_INT_CONVERSION = YES;
				CLANG_WARN_NON_LITERAL_NULL_CONVERSION = YES;
				CLANG_WARN_OBJC_IMPLICIT_RETAIN_SELF = YES;
				CLANG_WARN_OBJC_LITERAL_CONVERSION = YES;
				CLANG_WARN_OBJC_ROOT_CLASS = YES_ERROR;
				CLANG_WARN_RANGE_LOOP_ANALYSIS = YES;
				CLANG_WARN_STRICT_PROTOTYPES = YES;
				CLANG_WARN_SUSPICIOUS_MOVE = YES;
				CLANG_WARN_UNGUARDED_AVAILABILITY = YES_AGGRESSIVE;
				CLANG_WARN_UNREACHABLE_CODE = YES;
				CLANG_WARN__DUPLICATE_METHOD_MATCH = YES;
				CODE_SIGN_IDENTITY = "iPhone Developer";
				COPY_PHASE_STRIP = NO;
				DEBUG_INFORMATION_FORMAT = dwarf;
				ENABLE_STRICT_OBJC_MSGSEND = YES;
				ENABLE_TESTABILITY = YES;
				GCC_C_LANGUAGE_STANDARD = gnu11;
				GCC_DYNAMIC_NO_PIC = NO;
				GCC_NO_COMMON_BLOCKS = YES;
				GCC_OPTIMIZATION_LEVEL = 0;
				GCC_PREPROCESSOR_DEFINITIONS = (
					"DEBUG=1",
					"$(inherited)",
				);
				GCC_WARN_64_TO_32_BIT_CONVERSION = YES;
				GCC_WARN_ABOUT_RETURN_TYPE = YES_ERROR;
				GCC_WARN_UNDECLARED_SELECTOR = YES;
				GCC_WARN_UNINITIALIZED_AUTOS = YES_AGGRESSIVE;
				GCC_WARN_UNUSED_FUNCTION = YES;
				GCC_WARN_UNUSED_VARIABLE = YES;
				IPHONEOS_DEPLOYMENT_TARGET = 12.4;
				MTL_ENABLE_DEBUG_INFO = INCLUDE_SOURCE;
				MTL_FAST_MATH = YES;
				ONLY_ACTIVE_ARCH = YES;
				SDKROOT = iphoneos;
				SWIFT_ACTIVE_COMPILATION_CONDITIONS = DEBUG;
				SWIFT_OPTIMIZATION_LEVEL = "-Onone";
			};
			name = Debug;
		};
		8FDC42C7233101C90081B7F1 /* Release */ = {
			isa = XCBuildConfiguration;
			buildSettings = {
				ALWAYS_SEARCH_USER_PATHS = NO;
				CLANG_ANALYZER_NONNULL = YES;
				CLANG_ANALYZER_NUMBER_OBJECT_CONVERSION = YES_AGGRESSIVE;
				CLANG_CXX_LANGUAGE_STANDARD = "gnu++14";
				CLANG_CXX_LIBRARY = "libc++";
				CLANG_ENABLE_MODULES = YES;
				CLANG_ENABLE_OBJC_ARC = YES;
				CLANG_ENABLE_OBJC_WEAK = YES;
				CLANG_WARN_BLOCK_CAPTURE_AUTORELEASING = YES;
				CLANG_WARN_BOOL_CONVERSION = YES;
				CLANG_WARN_COMMA = YES;
				CLANG_WARN_CONSTANT_CONVERSION = YES;
				CLANG_WARN_DEPRECATED_OBJC_IMPLEMENTATIONS = YES;
				CLANG_WARN_DIRECT_OBJC_ISA_USAGE = YES_ERROR;
				CLANG_WARN_DOCUMENTATION_COMMENTS = YES;
				CLANG_WARN_EMPTY_BODY = YES;
				CLANG_WARN_ENUM_CONVERSION = YES;
				CLANG_WARN_INFINITE_RECURSION = YES;
				CLANG_WARN_INT_CONVERSION = YES;
				CLANG_WARN_NON_LITERAL_NULL_CONVERSION = YES;
				CLANG_WARN_OBJC_IMPLICIT_RETAIN_SELF = YES;
				CLANG_WARN_OBJC_LITERAL_CONVERSION = YES;
				CLANG_WARN_OBJC_ROOT_CLASS = YES_ERROR;
				CLANG_WARN_RANGE_LOOP_ANALYSIS = YES;
				CLANG_WARN_STRICT_PROTOTYPES = YES;
				CLANG_WARN_SUSPICIOUS_MOVE = YES;
				CLANG_WARN_UNGUARDED_AVAILABILITY = YES_AGGRESSIVE;
				CLANG_WARN_UNREACHABLE_CODE = YES;
				CLANG_WARN__DUPLICATE_METHOD_MATCH = YES;
				CODE_SIGN_IDENTITY = "iPhone Developer";
				COPY_PHASE_STRIP = NO;
				DEBUG_INFORMATION_FORMAT = "dwarf-with-dsym";
				ENABLE_NS_ASSERTIONS = NO;
				ENABLE_STRICT_OBJC_MSGSEND = YES;
				GCC_C_LANGUAGE_STANDARD = gnu11;
				GCC_NO_COMMON_BLOCKS = YES;
				GCC_WARN_64_TO_32_BIT_CONVERSION = YES;
				GCC_WARN_ABOUT_RETURN_TYPE = YES_ERROR;
				GCC_WARN_UNDECLARED_SELECTOR = YES;
				GCC_WARN_UNINITIALIZED_AUTOS = YES_AGGRESSIVE;
				GCC_WARN_UNUSED_FUNCTION = YES;
				GCC_WARN_UNUSED_VARIABLE = YES;
				IPHONEOS_DEPLOYMENT_TARGET = 12.4;
				MTL_ENABLE_DEBUG_INFO = NO;
				MTL_FAST_MATH = YES;
				SDKROOT = iphoneos;
				SWIFT_COMPILATION_MODE = wholemodule;
				SWIFT_OPTIMIZATION_LEVEL = "-O";
				VALIDATE_PRODUCT = YES;
			};
			name = Release;
		};
		8FDC42C9233101C90081B7F1 /* Debug */ = {
			isa = XCBuildConfiguration;
			baseConfigurationReference = 594D13A78EAAA1FF35CDF753 /* Pods-cp8-20.debug.xcconfig */;
			buildSettings = {
				ASSETCATALOG_COMPILER_APPICON_NAME = AppIcon;
				CODE_SIGN_STYLE = Automatic;
				DEVELOPMENT_TEAM = N42P47XR88;
				INFOPLIST_FILE = "cp8-20/Info.plist";
				LD_RUNPATH_SEARCH_PATHS = (
					"$(inherited)",
					"@executable_path/Frameworks",
				);
				PRODUCT_BUNDLE_IDENTIFIER = "com.nori.cp8-20";
				PRODUCT_NAME = "$(TARGET_NAME)";
				SWIFT_VERSION = 5.0;
				TARGETED_DEVICE_FAMILY = "1,2";
			};
			name = Debug;
		};
		8FDC42CA233101C90081B7F1 /* Release */ = {
			isa = XCBuildConfiguration;
			baseConfigurationReference = 03FB20BF3F76537AA0EC960E /* Pods-cp8-20.release.xcconfig */;
			buildSettings = {
				ASSETCATALOG_COMPILER_APPICON_NAME = AppIcon;
				CODE_SIGN_STYLE = Automatic;
				DEVELOPMENT_TEAM = N42P47XR88;
				INFOPLIST_FILE = "cp8-20/Info.plist";
				LD_RUNPATH_SEARCH_PATHS = (
					"$(inherited)",
					"@executable_path/Frameworks",
				);
				PRODUCT_BUNDLE_IDENTIFIER = "com.nori.cp8-20";
				PRODUCT_NAME = "$(TARGET_NAME)";
				SWIFT_VERSION = 5.0;
				TARGETED_DEVICE_FAMILY = "1,2";
			};
			name = Release;
		};
/* End XCBuildConfiguration section */

/* Begin XCConfigurationList section */
		8FDC42AE233101C80081B7F1 /* Build configuration list for PBXProject "cp8-20" */ = {
			isa = XCConfigurationList;
			buildConfigurations = (
				8FDC42C6233101C90081B7F1 /* Debug */,
				8FDC42C7233101C90081B7F1 /* Release */,
			);
			defaultConfigurationIsVisible = 0;
			defaultConfigurationName = Release;
		};
		8FDC42C8233101C90081B7F1 /* Build configuration list for PBXNativeTarget "cp8-20" */ = {
			isa = XCConfigurationList;
			buildConfigurations = (
				8FDC42C9233101C90081B7F1 /* Debug */,
				8FDC42CA233101C90081B7F1 /* Release */,
			);
			defaultConfigurationIsVisible = 0;
			defaultConfigurationName = Release;
		};
/* End XCConfigurationList section */

/* Begin XCVersionGroup section */
		8FDC42BD233101C80081B7F1 /* cp8_20.xcdatamodeld */ = {
			isa = XCVersionGroup;
			children = (
				8FDC42BE233101C80081B7F1 /* cp8_20.xcdatamodel */,
			);
			currentVersion = 8FDC42BE233101C80081B7F1 /* cp8_20.xcdatamodel */;
			path = cp8_20.xcdatamodeld;
			sourceTree = "<group>";
			versionGroupType = wrapper.xcdatamodel;
		};
/* End XCVersionGroup section */
	};
	rootObject = 8FDC42AB233101C80081B7F1 /* Project object */;
}
