// !$*UTF8*$!
{
	archiveVersion = 1;
	classes = {
	};
	objectVersion = 51;
	objects = {

/* Begin PBXBuildFile section */
		02862A5A21F82CBF5E5C5BEB /* Pods_cp8_8.framework in Frameworks */ = {isa = PBXBuildFile; fileRef = 49155BB59BBA29FB0F504D25 /* Pods_cp8_8.framework */; };
		8FA550D923267C68004235E0 /* AppDelegate.swift in Sources */ = {isa = PBXBuildFile; fileRef = 8FA550D823267C68004235E0 /* AppDelegate.swift */; };
		8FA550DE23267C68004235E0 /* Main.storyboard in Resources */ = {isa = PBXBuildFile; fileRef = 8FA550DC23267C68004235E0 /* Main.storyboard */; };
		8FA550E123267C68004235E0 /* cp8_8.xcdatamodeld in Sources */ = {isa = PBXBuildFile; fileRef = 8FA550DF23267C68004235E0 /* cp8_8.xcdatamodeld */; };
		8FA550E323267C69004235E0 /* Assets.xcassets in Resources */ = {isa = PBXBuildFile; fileRef = 8FA550E223267C69004235E0 /* Assets.xcassets */; };
		8FA550E623267C69004235E0 /* LaunchScreen.storyboard in Resources */ = {isa = PBXBuildFile; fileRef = 8FA550E423267C69004235E0 /* LaunchScreen.storyboard */; };
		8FA550EF23267EAC004235E0 /* TopViewController.swift in Sources */ = {isa = PBXBuildFile; fileRef = 8FA550ED23267EAC004235E0 /* TopViewController.swift */; };
		8FA550F023267EAC004235E0 /* TopViewController.xib in Resources */ = {isa = PBXBuildFile; fileRef = 8FA550EE23267EAC004235E0 /* TopViewController.xib */; };
		8FA550F32326804E004235E0 /* TopMainView.swift in Sources */ = {isa = PBXBuildFile; fileRef = 8FA550F12326804E004235E0 /* TopMainView.swift */; };
		8FA550F42326804E004235E0 /* TopMainView.xib in Resources */ = {isa = PBXBuildFile; fileRef = 8FA550F22326804E004235E0 /* TopMainView.xib */; };
/* End PBXBuildFile section */

/* Begin PBXFileReference section */
		41F033486AAE47FE311D024A /* Pods-cp8-8.debug.xcconfig */ = {isa = PBXFileReference; includeInIndex = 1; lastKnownFileType = text.xcconfig; name = "Pods-cp8-8.debug.xcconfig"; path = "Target Support Files/Pods-cp8-8/Pods-cp8-8.debug.xcconfig"; sourceTree = "<group>"; };
		49155BB59BBA29FB0F504D25 /* Pods_cp8_8.framework */ = {isa = PBXFileReference; explicitFileType = wrapper.framework; includeInIndex = 0; path = Pods_cp8_8.framework; sourceTree = BUILT_PRODUCTS_DIR; };
		8CE11CE5FAE62C50DD3488C3 /* Pods-cp8-8.release.xcconfig */ = {isa = PBXFileReference; includeInIndex = 1; lastKnownFileType = text.xcconfig; name = "Pods-cp8-8.release.xcconfig"; path = "Target Support Files/Pods-cp8-8/Pods-cp8-8.release.xcconfig"; sourceTree = "<group>"; };
		8FA550D523267C68004235E0 /* cp8-8.app */ = {isa = PBXFileReference; explicitFileType = wrapper.application; includeInIndex = 0; path = "cp8-8.app"; sourceTree = BUILT_PRODUCTS_DIR; };
		8FA550D823267C68004235E0 /* AppDelegate.swift */ = {isa = PBXFileReference; lastKnownFileType = sourcecode.swift; path = AppDelegate.swift; sourceTree = "<group>"; };
		8FA550DD23267C68004235E0 /* Base */ = {isa = PBXFileReference; lastKnownFileType = file.storyboard; name = Base; path = Base.lproj/Main.storyboard; sourceTree = "<group>"; };
		8FA550E023267C68004235E0 /* cp8_8.xcdatamodel */ = {isa = PBXFileReference; lastKnownFileType = wrapper.xcdatamodel; path = cp8_8.xcdatamodel; sourceTree = "<group>"; };
		8FA550E223267C69004235E0 /* Assets.xcassets */ = {isa = PBXFileReference; lastKnownFileType = folder.assetcatalog; path = Assets.xcassets; sourceTree = "<group>"; };
		8FA550E523267C69004235E0 /* Base */ = {isa = PBXFileReference; lastKnownFileType = file.storyboard; name = Base; path = Base.lproj/LaunchScreen.storyboard; sourceTree = "<group>"; };
		8FA550E723267C69004235E0 /* Info.plist */ = {isa = PBXFileReference; lastKnownFileType = text.plist.xml; path = Info.plist; sourceTree = "<group>"; };
		8FA550ED23267EAC004235E0 /* TopViewController.swift */ = {isa = PBXFileReference; lastKnownFileType = sourcecode.swift; path = TopViewController.swift; sourceTree = "<group>"; };
		8FA550EE23267EAC004235E0 /* TopViewController.xib */ = {isa = PBXFileReference; lastKnownFileType = file.xib; path = TopViewController.xib; sourceTree = "<group>"; };
		8FA550F12326804E004235E0 /* TopMainView.swift */ = {isa = PBXFileReference; lastKnownFileType = sourcecode.swift; path = TopMainView.swift; sourceTree = "<group>"; };
		8FA550F22326804E004235E0 /* TopMainView.xib */ = {isa = PBXFileReference; lastKnownFileType = file.xib; path = TopMainView.xib; sourceTree = "<group>"; };
/* End PBXFileReference section */

/* Begin PBXFrameworksBuildPhase section */
		8FA550D223267C68004235E0 /* Frameworks */ = {
			isa = PBXFrameworksBuildPhase;
			buildActionMask = 2147483647;
			files = (
				02862A5A21F82CBF5E5C5BEB /* Pods_cp8_8.framework in Frameworks */,
			);
			runOnlyForDeploymentPostprocessing = 0;
		};
/* End PBXFrameworksBuildPhase section */

/* Begin PBXGroup section */
		49181DF9396C7BE89D961D55 /* Pods */ = {
			isa = PBXGroup;
			children = (
				41F033486AAE47FE311D024A /* Pods-cp8-8.debug.xcconfig */,
				8CE11CE5FAE62C50DD3488C3 /* Pods-cp8-8.release.xcconfig */,
			);
			path = Pods;
			sourceTree = "<group>";
		};
		8FA550CC23267C68004235E0 = {
			isa = PBXGroup;
			children = (
				8FA550D723267C68004235E0 /* cp8-8 */,
				8FA550D623267C68004235E0 /* Products */,
				49181DF9396C7BE89D961D55 /* Pods */,
				B060DB7CFD963D3CBA82B517 /* Frameworks */,
			);
			sourceTree = "<group>";
		};
		8FA550D623267C68004235E0 /* Products */ = {
			isa = PBXGroup;
			children = (
				8FA550D523267C68004235E0 /* cp8-8.app */,
			);
			name = Products;
			sourceTree = "<group>";
		};
		8FA550D723267C68004235E0 /* cp8-8 */ = {
			isa = PBXGroup;
			children = (
				8FA550D823267C68004235E0 /* AppDelegate.swift */,
				8FA550DC23267C68004235E0 /* Main.storyboard */,
				8FA550E223267C69004235E0 /* Assets.xcassets */,
				8FA550E423267C69004235E0 /* LaunchScreen.storyboard */,
				8FA550E723267C69004235E0 /* Info.plist */,
				8FA550DF23267C68004235E0 /* cp8_8.xcdatamodeld */,
				8FA550ED23267EAC004235E0 /* TopViewController.swift */,
				8FA550EE23267EAC004235E0 /* TopViewController.xib */,
				8FA550F12326804E004235E0 /* TopMainView.swift */,
				8FA550F22326804E004235E0 /* TopMainView.xib */,
			);
			path = "cp8-8";
			sourceTree = "<group>";
		};
		B060DB7CFD963D3CBA82B517 /* Frameworks */ = {
			isa = PBXGroup;
			children = (
				49155BB59BBA29FB0F504D25 /* Pods_cp8_8.framework */,
			);
			name = Frameworks;
			sourceTree = "<group>";
		};
/* End PBXGroup section */

/* Begin PBXNativeTarget section */
		8FA550D423267C68004235E0 /* cp8-8 */ = {
			isa = PBXNativeTarget;
			buildConfigurationList = 8FA550EA23267C69004235E0 /* Build configuration list for PBXNativeTarget "cp8-8" */;
			buildPhases = (
				0B2927E807BDC5DDD29290D0 /* [CP] Check Pods Manifest.lock */,
				8FA550D123267C68004235E0 /* Sources */,
				8FA550D223267C68004235E0 /* Frameworks */,
				8FA550D323267C68004235E0 /* Resources */,
				472DEA4474F348F9AC44C037 /* [CP] Embed Pods Frameworks */,
			);
			buildRules = (
			);
			dependencies = (
			);
			name = "cp8-8";
			productName = "cp8-8";
			productReference = 8FA550D523267C68004235E0 /* cp8-8.app */;
			productType = "com.apple.product-type.application";
		};
/* End PBXNativeTarget section */

/* Begin PBXProject section */
		8FA550CD23267C68004235E0 /* Project object */ = {
			isa = PBXProject;
			attributes = {
				LastSwiftUpdateCheck = 1030;
				LastUpgradeCheck = 1030;
				ORGANIZATIONNAME = "典昭酒井";
				TargetAttributes = {
					8FA550D423267C68004235E0 = {
						CreatedOnToolsVersion = 10.3;
					};
				};
			};
			buildConfigurationList = 8FA550D023267C68004235E0 /* Build configuration list for PBXProject "cp8-8" */;
			compatibilityVersion = "Xcode 9.3";
			developmentRegion = en;
			hasScannedForEncodings = 0;
			knownRegions = (
				en,
				Base,
			);
			mainGroup = 8FA550CC23267C68004235E0;
			productRefGroup = 8FA550D623267C68004235E0 /* Products */;
			projectDirPath = "";
			projectRoot = "";
			targets = (
				8FA550D423267C68004235E0 /* cp8-8 */,
			);
		};
/* End PBXProject section */

/* Begin PBXResourcesBuildPhase section */
		8FA550D323267C68004235E0 /* Resources */ = {
			isa = PBXResourcesBuildPhase;
			buildActionMask = 2147483647;
			files = (
				8FA550F42326804E004235E0 /* TopMainView.xib in Resources */,
				8FA550F023267EAC004235E0 /* TopViewController.xib in Resources */,
				8FA550E623267C69004235E0 /* LaunchScreen.storyboard in Resources */,
				8FA550E323267C69004235E0 /* Assets.xcassets in Resources */,
				8FA550DE23267C68004235E0 /* Main.storyboard in Resources */,
			);
			runOnlyForDeploymentPostprocessing = 0;
		};
/* End PBXResourcesBuildPhase section */

/* Begin PBXShellScriptBuildPhase section */
		0B2927E807BDC5DDD29290D0 /* [CP] Check Pods Manifest.lock */ = {
			isa = PBXShellScriptBuildPhase;
			buildActionMask = 2147483647;
			files = (
			);
			inputFileListPaths = (
			);
			inputPaths = (
				"${PODS_PODFILE_DIR_PATH}/Podfile.lock",
				"${PODS_ROOT}/Manifest.lock",
			);
			name = "[CP] Check Pods Manifest.lock";
			outputFileListPaths = (
			);
			outputPaths = (
				"$(DERIVED_FILE_DIR)/Pods-cp8-8-checkManifestLockResult.txt",
			);
			runOnlyForDeploymentPostprocessing = 0;
			shellPath = /bin/sh;
			shellScript = "diff \"${PODS_PODFILE_DIR_PATH}/Podfile.lock\" \"${PODS_ROOT}/Manifest.lock\" > /dev/null\nif [ $? != 0 ] ; then\n    # print error to STDERR\n    echo \"error: The sandbox is not in sync with the Podfile.lock. Run 'pod install' or update your CocoaPods installation.\" >&2\n    exit 1\nfi\n# This output is used by Xcode 'outputs' to avoid re-running this script phase.\necho \"SUCCESS\" > \"${SCRIPT_OUTPUT_FILE_0}\"\n";
			showEnvVarsInLog = 0;
		};
		472DEA4474F348F9AC44C037 /* [CP] Embed Pods Frameworks */ = {
			isa = PBXShellScriptBuildPhase;
			buildActionMask = 2147483647;
			files = (
			);
			inputFileListPaths = (
				"${PODS_ROOT}/Target Support Files/Pods-cp8-8/Pods-cp8-8-frameworks-${CONFIGURATION}-input-files.xcfilelist",
			);
			name = "[CP] Embed Pods Frameworks";
			outputFileListPaths = (
				"${PODS_ROOT}/Target Support Files/Pods-cp8-8/Pods-cp8-8-frameworks-${CONFIGURATION}-output-files.xcfilelist",
			);
			runOnlyForDeploymentPostprocessing = 0;
			shellPath = /bin/sh;
			shellScript = "\"${PODS_ROOT}/Target Support Files/Pods-cp8-8/Pods-cp8-8-frameworks.sh\"\n";
			showEnvVarsInLog = 0;
		};
/* End PBXShellScriptBuildPhase section */

/* Begin PBXSourcesBuildPhase section */
		8FA550D123267C68004235E0 /* Sources */ = {
			isa = PBXSourcesBuildPhase;
			buildActionMask = 2147483647;
			files = (
				8FA550EF23267EAC004235E0 /* TopViewController.swift in Sources */,
				8FA550E123267C68004235E0 /* cp8_8.xcdatamodeld in Sources */,
				8FA550D923267C68004235E0 /* AppDelegate.swift in Sources */,
				8FA550F32326804E004235E0 /* TopMainView.swift in Sources */,
			);
			runOnlyForDeploymentPostprocessing = 0;
		};
/* End PBXSourcesBuildPhase section */

/* Begin PBXVariantGroup section */
		8FA550DC23267C68004235E0 /* Main.storyboard */ = {
			isa = PBXVariantGroup;
			children = (
				8FA550DD23267C68004235E0 /* Base */,
			);
			name = Main.storyboard;
			sourceTree = "<group>";
		};
		8FA550E423267C69004235E0 /* LaunchScreen.storyboard */ = {
			isa = PBXVariantGroup;
			children = (
				8FA550E523267C69004235E0 /* Base */,
			);
			name = LaunchScreen.storyboard;
			sourceTree = "<group>";
		};
/* End PBXVariantGroup section */

/* Begin XCBuildConfiguration section */
		8FA550E823267C69004235E0 /* Debug */ = {
			isa = XCBuildConfiguration;
			buildSettings = {
				ALWAYS_SEARCH_USER_PATHS = NO;
				CLANG_ANALYZER_NONNULL = YES;
				CLANG_ANALYZER_NUMBER_OBJECT_CONVERSION = YES_AGGRESSIVE;
				CLANG_CXX_LANGUAGE_STANDARD = "gnu++14";
				CLANG_CXX_LIBRARY = "libc++";
				CLANG_ENABLE_MODULES = YES;
				CLANG_ENABLE_OBJC_ARC = YES;
				CLANG_ENABLE_OBJC_WEAK = YES;
				CLANG_WARN_BLOCK_CAPTURE_AUTORELEASING = YES;
				CLANG_WARN_BOOL_CONVERSION = YES;
				CLANG_WARN_COMMA = YES;
				CLANG_WARN_CONSTANT_CONVERSION = YES;
				CLANG_WARN_DEPRECATED_OBJC_IMPLEMENTATIONS = YES;
				CLANG_WARN_DIRECT_OBJC_ISA_USAGE = YES_ERROR;
				CLANG_WARN_DOCUMENTATION_COMMENTS = YES;
				CLANG_WARN_EMPTY_BODY = YES;
				CLANG_WARN_ENUM_CONVERSION = YES;
				CLANG_WARN_INFINITE_RECURSION = YES;
				CLANG_WARN_INT_CONVERSION = YES;
				CLANG_WARN_NON_LITERAL_NULL_CONVERSION = YES;
				CLANG_WARN_OBJC_IMPLICIT_RETAIN_SELF = YES;
				CLANG_WARN_OBJC_LITERAL_CONVERSION = YES;
				CLANG_WARN_OBJC_ROOT_CLASS = YES_ERROR;
				CLANG_WARN_RANGE_LOOP_ANALYSIS = YES;
				CLANG_WARN_STRICT_PROTOTYPES = YES;
				CLANG_WARN_SUSPICIOUS_MOVE = YES;
				CLANG_WARN_UNGUARDED_AVAILABILITY = YES_AGGRESSIVE;
				CLANG_WARN_UNREACHABLE_CODE = YES;
				CLANG_WARN__DUPLICATE_METHOD_MATCH = YES;
				CODE_SIGN_IDENTITY = "iPhone Developer";
				COPY_PHASE_STRIP = NO;
				DEBUG_INFORMATION_FORMAT = dwarf;
				ENABLE_STRICT_OBJC_MSGSEND = YES;
				ENABLE_TESTABILITY = YES;
				GCC_C_LANGUAGE_STANDARD = gnu11;
				GCC_DYNAMIC_NO_PIC = NO;
				GCC_NO_COMMON_BLOCKS = YES;
				GCC_OPTIMIZATION_LEVEL = 0;
				GCC_PREPROCESSOR_DEFINITIONS = (
					"DEBUG=1",
					"$(inherited)",
				);
				GCC_WARN_64_TO_32_BIT_CONVERSION = YES;
				GCC_WARN_ABOUT_RETURN_TYPE = YES_ERROR;
				GCC_WARN_UNDECLARED_SELECTOR = YES;
				GCC_WARN_UNINITIALIZED_AUTOS = YES_AGGRESSIVE;
				GCC_WARN_UNUSED_FUNCTION = YES;
				GCC_WARN_UNUSED_VARIABLE = YES;
				IPHONEOS_DEPLOYMENT_TARGET = 12.4;
				MTL_ENABLE_DEBUG_INFO = INCLUDE_SOURCE;
				MTL_FAST_MATH = YES;
				ONLY_ACTIVE_ARCH = YES;
				SDKROOT = iphoneos;
				SWIFT_ACTIVE_COMPILATION_CONDITIONS = DEBUG;
				SWIFT_OPTIMIZATION_LEVEL = "-Onone";
			};
			name = Debug;
		};
		8FA550E923267C69004235E0 /* Release */ = {
			isa = XCBuildConfiguration;
			buildSettings = {
				ALWAYS_SEARCH_USER_PATHS = NO;
				CLANG_ANALYZER_NONNULL = YES;
				CLANG_ANALYZER_NUMBER_OBJECT_CONVERSION = YES_AGGRESSIVE;
				CLANG_CXX_LANGUAGE_STANDARD = "gnu++14";
				CLANG_CXX_LIBRARY = "libc++";
				CLANG_ENABLE_MODULES = YES;
				CLANG_ENABLE_OBJC_ARC = YES;
				CLANG_ENABLE_OBJC_WEAK = YES;
				CLANG_WARN_BLOCK_CAPTURE_AUTORELEASING = YES;
				CLANG_WARN_BOOL_CONVERSION = YES;
				CLANG_WARN_COMMA = YES;
				CLANG_WARN_CONSTANT_CONVERSION = YES;
				CLANG_WARN_DEPRECATED_OBJC_IMPLEMENTATIONS = YES;
				CLANG_WARN_DIRECT_OBJC_ISA_USAGE = YES_ERROR;
				CLANG_WARN_DOCUMENTATION_COMMENTS = YES;
				CLANG_WARN_EMPTY_BODY = YES;
				CLANG_WARN_ENUM_CONVERSION = YES;
				CLANG_WARN_INFINITE_RECURSION = YES;
				CLANG_WARN_INT_CONVERSION = YES;
				CLANG_WARN_NON_LITERAL_NULL_CONVERSION = YES;
				CLANG_WARN_OBJC_IMPLICIT_RETAIN_SELF = YES;
				CLANG_WARN_OBJC_LITERAL_CONVERSION = YES;
				CLANG_WARN_OBJC_ROOT_CLASS = YES_ERROR;
				CLANG_WARN_RANGE_LOOP_ANALYSIS = YES;
				CLANG_WARN_STRICT_PROTOTYPES = YES;
				CLANG_WARN_SUSPICIOUS_MOVE = YES;
				CLANG_WARN_UNGUARDED_AVAILABILITY = YES_AGGRESSIVE;
				CLANG_WARN_UNREACHABLE_CODE = YES;
				CLANG_WARN__DUPLICATE_METHOD_MATCH = YES;
				CODE_SIGN_IDENTITY = "iPhone Developer";
				COPY_PHASE_STRIP = NO;
				DEBUG_INFORMATION_FORMAT = "dwarf-with-dsym";
				ENABLE_NS_ASSERTIONS = NO;
				ENABLE_STRICT_OBJC_MSGSEND = YES;
				GCC_C_LANGUAGE_STANDARD = gnu11;
				GCC_NO_COMMON_BLOCKS = YES;
				GCC_WARN_64_TO_32_BIT_CONVERSION = YES;
				GCC_WARN_ABOUT_RETURN_TYPE = YES_ERROR;
				GCC_WARN_UNDECLARED_SELECTOR = YES;
				GCC_WARN_UNINITIALIZED_AUTOS = YES_AGGRESSIVE;
				GCC_WARN_UNUSED_FUNCTION = YES;
				GCC_WARN_UNUSED_VARIABLE = YES;
				IPHONEOS_DEPLOYMENT_TARGET = 12.4;
				MTL_ENABLE_DEBUG_INFO = NO;
				MTL_FAST_MATH = YES;
				SDKROOT = iphoneos;
				SWIFT_COMPILATION_MODE = wholemodule;
				SWIFT_OPTIMIZATION_LEVEL = "-O";
				VALIDATE_PRODUCT = YES;
			};
			name = Release;
		};
		8FA550EB23267C69004235E0 /* Debug */ = {
			isa = XCBuildConfiguration;
			baseConfigurationReference = 41F033486AAE47FE311D024A /* Pods-cp8-8.debug.xcconfig */;
			buildSettings = {
				ASSETCATALOG_COMPILER_APPICON_NAME = AppIcon;
				CODE_SIGN_STYLE = Automatic;
				DEVELOPMENT_TEAM = N42P47XR88;
				INFOPLIST_FILE = "cp8-8/Info.plist";
				LD_RUNPATH_SEARCH_PATHS = (
					"$(inherited)",
					"@executable_path/Frameworks",
				);
				PRODUCT_BUNDLE_IDENTIFIER = "com.nori.cp8-8";
				PRODUCT_NAME = "$(TARGET_NAME)";
				SWIFT_VERSION = 5.0;
				TARGETED_DEVICE_FAMILY = "1,2";
			};
			name = Debug;
		};
		8FA550EC23267C69004235E0 /* Release */ = {
			isa = XCBuildConfiguration;
			baseConfigurationReference = 8CE11CE5FAE62C50DD3488C3 /* Pods-cp8-8.release.xcconfig */;
			buildSettings = {
				ASSETCATALOG_COMPILER_APPICON_NAME = AppIcon;
				CODE_SIGN_STYLE = Automatic;
				DEVELOPMENT_TEAM = N42P47XR88;
				INFOPLIST_FILE = "cp8-8/Info.plist";
				LD_RUNPATH_SEARCH_PATHS = (
					"$(inherited)",
					"@executable_path/Frameworks",
				);
				PRODUCT_BUNDLE_IDENTIFIER = "com.nori.cp8-8";
				PRODUCT_NAME = "$(TARGET_NAME)";
				SWIFT_VERSION = 5.0;
				TARGETED_DEVICE_FAMILY = "1,2";
			};
			name = Release;
		};
/* End XCBuildConfiguration section */

/* Begin XCConfigurationList section */
		8FA550D023267C68004235E0 /* Build configuration list for PBXProject "cp8-8" */ = {
			isa = XCConfigurationList;
			buildConfigurations = (
				8FA550E823267C69004235E0 /* Debug */,
				8FA550E923267C69004235E0 /* Release */,
			);
			defaultConfigurationIsVisible = 0;
			defaultConfigurationName = Release;
		};
		8FA550EA23267C69004235E0 /* Build configuration list for PBXNativeTarget "cp8-8" */ = {
			isa = XCConfigurationList;
			buildConfigurations = (
				8FA550EB23267C69004235E0 /* Debug */,
				8FA550EC23267C69004235E0 /* Release */,
			);
			defaultConfigurationIsVisible = 0;
			defaultConfigurationName = Release;
		};
/* End XCConfigurationList section */

/* Begin XCVersionGroup section */
		8FA550DF23267C68004235E0 /* cp8_8.xcdatamodeld */ = {
			isa = XCVersionGroup;
			children = (
				8FA550E023267C68004235E0 /* cp8_8.xcdatamodel */,
			);
			currentVersion = 8FA550E023267C68004235E0 /* cp8_8.xcdatamodel */;
			path = cp8_8.xcdatamodeld;
			sourceTree = "<group>";
			versionGroupType = wrapper.xcdatamodel;
		};
/* End XCVersionGroup section */
	};
	rootObject = 8FA550CD23267C68004235E0 /* Project object */;
}
